
Microsoft Visual Studio Solution File, Format Version 12.00
# Visual Studio 15
VisualStudioVersion = 15.0.27703.2047
MinimumVisualStudioVersion = 10.0.40219.1
Project("{FAE04EC0-301F-11D3-BF4B-00C04F79EFBC}") = "EtlDesborde", "EtlDesborde\EtlDesborde.csproj", "{9CBA867D-9CFF-4F4B-85FE-1F061F04C78C}"
EndProject
Global
	GlobalSection(SolutionConfigurationPlatforms) = preSolution
		Debug|Any CPU = Debug|Any CPU
		Release|Any CPU = Release|Any CPU
	EndGlobalSection
	GlobalSection(ProjectConfigurationPlatforms) = postSolution
		{9CBA867D-9CFF-4F4B-85FE-1F061F04C78C}.Debug|Any CPU.ActiveCfg = Debug|Any CPU
		{9CBA867D-9CFF-4F4B-85FE-1F061F04C78C}.Debug|Any CPU.Build.0 = Debug|Any CPU
		{9CBA867D-9CFF-4F4B-85FE-1F061F04C78C}.Release|Any CPU.ActiveCfg = Release|Any CPU
		{9CBA867D-9CFF-4F4B-85FE-1F061F04C78C}.Release|Any CPU.Build.0 = Release|Any CPU
	EndGlobalSection
	GlobalSection(SolutionProperties) = preSolution
		HideSolutionNode = FALSE
	EndGlobalSection
	GlobalSection(ExtensibilityGlobals) = postSolution
		SolutionGuid = {033C243F-75E4-4C3F-B298-03E95344DC35}
	EndGlobalSection
EndGlobal
